
Microsoft Visual Studio Solution File, Format Version 12.00
Project("{FAE04EC0-301F-11D3-BF4B-00C04F79EFBC}") = "JokesWebApp", "JokesWebApp\JokesWebApp.csproj", "{469FB47E-792F-4757-B682-C04D86D51899}"
EndProject
Global
	GlobalSection(SolutionConfigurationPlatforms) = preSolution
		Debug|Any CPU = Debug|Any CPU
		Release|Any CPU = Release|Any CPU
	EndGlobalSection
	GlobalSection(ProjectConfigurationPlatforms) = postSolution
		{469FB47E-792F-4757-B682-C04D86D51899}.Debug|Any CPU.ActiveCfg = Debug|Any CPU
		{469FB47E-792F-4757-B682-C04D86D51899}.Debug|Any CPU.Build.0 = Debug|Any CPU
		{469FB47E-792F-4757-B682-C04D86D51899}.Release|Any CPU.ActiveCfg = Release|Any CPU
		{469FB47E-792F-4757-B682-C04D86D51899}.Release|Any CPU.Build.0 = Release|Any CPU
	EndGlobalSection
EndGlobal
